
Microsoft Visual Studio Solution File, Format Version 12.00
# Visual Studio 15
VisualStudioVersion = 15.0.26730.3
MinimumVisualStudioVersion = 10.0.40219.1
Project("{2150E333-8FDC-42A3-9474-1A3956D46DE8}") = "src", "src", "{6BD50CC8-C6E0-47C5-B297-EB77B1A25B97}"
EndProject
Project("{2150E333-8FDC-42A3-9474-1A3956D46DE8}") = ".global", ".global", "{289F831B-8C5B-4261-970D-5D4D1086E441}"
	ProjectSection(SolutionItems) = preProject
		ReadMe.md = ReadMe.md
	EndProjectSection
EndProject
Project("{2150E333-8FDC-42A3-9474-1A3956D46DE8}") = "test", "test", "{F3782EE6-8C6A-4DB3-AEAA-523A74B1A69E}"
EndProject
Project("{9A19103F-16F7-4668-BE54-9A1E7A4F7556}") = "Sino.Extensions.EventBus", "src\Sino.Extensions.EventBus\Sino.Extensions.EventBus.csproj", "{E5D3A01D-DB09-4631-BFD5-826B9906592A}"
EndProject
Project("{9A19103F-16F7-4668-BE54-9A1E7A4F7556}") = "TestWebApp", "test\TestWebApp\TestWebApp.csproj", "{026ABD17-76D9-4415-BE8E-40416365B34A}"
EndProject
Project("{9A19103F-16F7-4668-BE54-9A1E7A4F7556}") = "NLog.Targets.ElasticSearch", "src\NLog.Targets.ElasticSearch\NLog.Targets.ElasticSearch.csproj", "{DACD4572-95C2-47F9-A561-446BAD72D0D7}"
EndProject
Global
	GlobalSection(SolutionConfigurationPlatforms) = preSolution
		Debug|Any CPU = Debug|Any CPU
		Release|Any CPU = Release|Any CPU
	EndGlobalSection
	GlobalSection(ProjectConfigurationPlatforms) = postSolution
		{E5D3A01D-DB09-4631-BFD5-826B9906592A}.Debug|Any CPU.ActiveCfg = Debug|Any CPU
		{E5D3A01D-DB09-4631-BFD5-826B9906592A}.Debug|Any CPU.Build.0 = Debug|Any CPU
		{E5D3A01D-DB09-4631-BFD5-826B9906592A}.Release|Any CPU.ActiveCfg = Release|Any CPU
		{E5D3A01D-DB09-4631-BFD5-826B9906592A}.Release|Any CPU.Build.0 = Release|Any CPU
		{026ABD17-76D9-4415-BE8E-40416365B34A}.Debug|Any CPU.ActiveCfg = Debug|Any CPU
		{026ABD17-76D9-4415-BE8E-40416365B34A}.Debug|Any CPU.Build.0 = Debug|Any CPU
		{026ABD17-76D9-4415-BE8E-40416365B34A}.Release|Any CPU.ActiveCfg = Release|Any CPU
		{026ABD17-76D9-4415-BE8E-40416365B34A}.Release|Any CPU.Build.0 = Release|Any CPU
		{DACD4572-95C2-47F9-A561-446BAD72D0D7}.Debug|Any CPU.ActiveCfg = Debug|Any CPU
		{DACD4572-95C2-47F9-A561-446BAD72D0D7}.Debug|Any CPU.Build.0 = Debug|Any CPU
		{DACD4572-95C2-47F9-A561-446BAD72D0D7}.Release|Any CPU.ActiveCfg = Release|Any CPU
		{DACD4572-95C2-47F9-A561-446BAD72D0D7}.Release|Any CPU.Build.0 = Release|Any CPU
	EndGlobalSection
	GlobalSection(SolutionProperties) = preSolution
		HideSolutionNode = FALSE
	EndGlobalSection
	GlobalSection(NestedProjects) = preSolution
		{E5D3A01D-DB09-4631-BFD5-826B9906592A} = {6BD50CC8-C6E0-47C5-B297-EB77B1A25B97}
		{026ABD17-76D9-4415-BE8E-40416365B34A} = {F3782EE6-8C6A-4DB3-AEAA-523A74B1A69E}
		{DACD4572-95C2-47F9-A561-446BAD72D0D7} = {6BD50CC8-C6E0-47C5-B297-EB77B1A25B97}
	EndGlobalSection
	GlobalSection(ExtensibilityGlobals) = postSolution
		SolutionGuid = {801C56D1-475E-41BE-80A6-FC84262925FF}
	EndGlobalSection
EndGlobal
